
Microsoft Visual Studio Solution File, Format Version 12.00
# Visual Studio Version 17
VisualStudioVersion = 17.1.31903.286
MinimumVisualStudioVersion = 10.0.40219.1
Project("{FAE04EC0-301F-11D3-BF4B-00C04F79EFBC}") = "Average_Grage_Double", "Average_Grage_Double\Average_Grage_Double.csproj", "{2DC33F7E-00DA-4919-94C8-67C7AC2DB9CD}"
EndProject
Global
	GlobalSection(SolutionConfigurationPlatforms) = preSolution
		Debug|Any CPU = Debug|Any CPU
		Release|Any CPU = Release|Any CPU
	EndGlobalSection
	GlobalSection(ProjectConfigurationPlatforms) = postSolution
		{2DC33F7E-00DA-4919-94C8-67C7AC2DB9CD}.Debug|Any CPU.ActiveCfg = Debug|Any CPU
		{2DC33F7E-00DA-4919-94C8-67C7AC2DB9CD}.Debug|Any CPU.Build.0 = Debug|Any CPU
		{2DC33F7E-00DA-4919-94C8-67C7AC2DB9CD}.Release|Any CPU.ActiveCfg = Release|Any CPU
		{2DC33F7E-00DA-4919-94C8-67C7AC2DB9CD}.Release|Any CPU.Build.0 = Release|Any CPU
	EndGlobalSection
	GlobalSection(SolutionProperties) = preSolution
		HideSolutionNode = FALSE
	EndGlobalSection
	GlobalSection(ExtensibilityGlobals) = postSolution
		SolutionGuid = {F0B2C9C5-9581-4565-888E-3A13ED8011B7}
	EndGlobalSection
EndGlobal
